# This file is autogenerated, do not edit; changes may be undone by the next 'dep ensure'.


[[projects]]
  digest = "1:8acdd83e35b407d026e546bf4d18cc778e9604433d03d468eccca62b9c51c718"
  name = "github.com/keep-network/go-ethereum"
  packages = ["crypto/secp256k1"]
  pruneopts = ""
  revision = "89451f7c382ad2185987ee369f16416f89c28a7d"
  version = "v1.8.15"

[[projects]]
  digest = "1:2c3cdaaa7ac9f06021636d163884979d008b3c5148203923c3448a0c974d608c"
  name = "github.com/urfave/cli"
  packages = ["."]
  pruneopts = ""
  revision = "8e01ec4cd3e2d84ab2fe90d8210528ffbb06d8ff"
  source = "https://github.com/keep-network/cli.git"

[solve-meta]
  analyzer-name = "dep"
  analyzer-version = 1
  input-imports = [
    "github.com/keep-network/go-ethereum/crypto/secp256k1",
    "github.com/urfave/cli",
  ]
  solver-name = "gps-cdcl"
  solver-version = 1
